
Microsoft Visual Studio Solution File, Format Version 12.00
# Visual Studio Version 17
VisualStudioVersion = 17.7.34024.191
MinimumVisualStudioVersion = 10.0.40219.1
Project("{FAE04EC0-301F-11D3-BF4B-00C04F79EFBC}") = "ExtensionMethodDemo", "ExtensionMethodDemo\ExtensionMethodDemo.csproj", "{EA47D523-269D-4661-B7E1-A6C91B2DB2F4}"
EndProject
Global
	GlobalSection(SolutionConfigurationPlatforms) = preSolution
		Debug|Any CPU = Debug|Any CPU
		Release|Any CPU = Release|Any CPU
	EndGlobalSection
	GlobalSection(ProjectConfigurationPlatforms) = postSolution
		{EA47D523-269D-4661-B7E1-A6C91B2DB2F4}.Debug|Any CPU.ActiveCfg = Debug|Any CPU
		{EA47D523-269D-4661-B7E1-A6C91B2DB2F4}.Debug|Any CPU.Build.0 = Debug|Any CPU
		{EA47D523-269D-4661-B7E1-A6C91B2DB2F4}.Release|Any CPU.ActiveCfg = Release|Any CPU
		{EA47D523-269D-4661-B7E1-A6C91B2DB2F4}.Release|Any CPU.Build.0 = Release|Any CPU
	EndGlobalSection
	GlobalSection(SolutionProperties) = preSolution
		HideSolutionNode = FALSE
	EndGlobalSection
	GlobalSection(ExtensibilityGlobals) = postSolution
		SolutionGuid = {4399635B-CADC-4BE5-BB0B-983B9A08D3F4}
	EndGlobalSection
EndGlobal
